
Microsoft Visual Studio Solution File, Format Version 12.00
# Visual Studio Version 17
VisualStudioVersion = 17.3.32811.315
MinimumVisualStudioVersion = 10.0.40219.1
Project("{9A19103F-16F7-4668-BE54-9A1E7A4F7556}") = "BotCityMaestroSDK", "BotMaestroSDK.ClassLib\BotCityMaestroSDK.csproj", "{082FD91D-C844-44A2-B055-D5B7AD94BB85}"
EndProject
Project("{9A19103F-16F7-4668-BE54-9A1E7A4F7556}") = "BotCity.ConsoleApp", "BotCity.ConsoleApp\BotCity.ConsoleApp.csproj", "{2C6CCDBE-A186-41C0-876A-B31E42A0EB6D}"
EndProject
Project("{FAE04EC0-301F-11D3-BF4B-00C04F79EFBC}") = "BotCity.TestsNUnit", "BotCity.TestsNUnit\BotCity.TestsNUnit.csproj", "{87A2A6CC-D4BB-4E74-B4FB-231F42911E41}"
EndProject
Global
	GlobalSection(SolutionConfigurationPlatforms) = preSolution
		Debug|Any CPU = Debug|Any CPU
		Release|Any CPU = Release|Any CPU
	EndGlobalSection
	GlobalSection(ProjectConfigurationPlatforms) = postSolution
		{082FD91D-C844-44A2-B055-D5B7AD94BB85}.Debug|Any CPU.ActiveCfg = Debug|Any CPU
		{082FD91D-C844-44A2-B055-D5B7AD94BB85}.Debug|Any CPU.Build.0 = Debug|Any CPU
		{082FD91D-C844-44A2-B055-D5B7AD94BB85}.Release|Any CPU.ActiveCfg = Release|Any CPU
		{082FD91D-C844-44A2-B055-D5B7AD94BB85}.Release|Any CPU.Build.0 = Release|Any CPU
		{2C6CCDBE-A186-41C0-876A-B31E42A0EB6D}.Debug|Any CPU.ActiveCfg = Debug|Any CPU
		{2C6CCDBE-A186-41C0-876A-B31E42A0EB6D}.Debug|Any CPU.Build.0 = Debug|Any CPU
		{2C6CCDBE-A186-41C0-876A-B31E42A0EB6D}.Release|Any CPU.ActiveCfg = Release|Any CPU
		{2C6CCDBE-A186-41C0-876A-B31E42A0EB6D}.Release|Any CPU.Build.0 = Release|Any CPU
		{87A2A6CC-D4BB-4E74-B4FB-231F42911E41}.Debug|Any CPU.ActiveCfg = Debug|Any CPU
		{87A2A6CC-D4BB-4E74-B4FB-231F42911E41}.Debug|Any CPU.Build.0 = Debug|Any CPU
		{87A2A6CC-D4BB-4E74-B4FB-231F42911E41}.Release|Any CPU.ActiveCfg = Release|Any CPU
		{87A2A6CC-D4BB-4E74-B4FB-231F42911E41}.Release|Any CPU.Build.0 = Release|Any CPU
	EndGlobalSection
	GlobalSection(SolutionProperties) = preSolution
		HideSolutionNode = FALSE
	EndGlobalSection
	GlobalSection(ExtensibilityGlobals) = postSolution
		SolutionGuid = {8ED52140-A47D-49ED-9C79-A138D0231688}
	EndGlobalSection
EndGlobal
